
Microsoft Visual Studio Solution File, Format Version 12.00
# Visual Studio Version 17
VisualStudioVersion = 17.8.34330.188
MinimumVisualStudioVersion = 10.0.40219.1
Project("{FAE04EC0-301F-11D3-BF4B-00C04F79EFBC}") = "FilterSystem", "FilterSystem\FilterSystem.csproj", "{0AD0BA56-3933-4FF8-9083-DAA46271D50E}"
EndProject
Global
	GlobalSection(SolutionConfigurationPlatforms) = preSolution
		Debug|x64 = Debug|x64
	EndGlobalSection
	GlobalSection(ProjectConfigurationPlatforms) = postSolution
		{0AD0BA56-3933-4FF8-9083-DAA46271D50E}.Debug|x64.ActiveCfg = Debug|x64
		{0AD0BA56-3933-4FF8-9083-DAA46271D50E}.Debug|x64.Build.0 = Debug|x64
	EndGlobalSection
	GlobalSection(SolutionProperties) = preSolution
		HideSolutionNode = FALSE
	EndGlobalSection
	GlobalSection(ExtensibilityGlobals) = postSolution
		SolutionGuid = {840B4591-C162-4625-A809-D607313B798A}
	EndGlobalSection
EndGlobal
